{
  "object": {
    "pins": [
      {
        "package": "KountDataCollectorPackage",
        "repositoryURL": "https://github.com/Kount/kount-ios-swift-package",
        "state": {
          "branch": null,
          "revision": "ff437e2e4969d45d3aa92b9e28975b2fb64c1c64",
          "version": "1.0.0"
        }
      }
    ]
  },
  "version": 1
}
